
Microsoft Visual Studio Solution File, Format Version 12.00
# Visual Studio Version 17
VisualStudioVersion = 17.5.33530.505
MinimumVisualStudioVersion = 10.0.40219.1
Project("{FAE04EC0-301F-11D3-BF4B-00C04F79EFBC}") = "Libanon", "Libanon\Libanon.csproj", "{28494B35-E4F8-41E1-8E15-2AF1F70671B1}"
EndProject
Project("{FAE04EC0-301F-11D3-BF4B-00C04F79EFBC}") = "Libanon_API", "Libanon_API\Libanon_API.csproj", "{05555829-6801-4A4C-99C6-F52FB51236FD}"
EndProject
Global
	GlobalSection(SolutionConfigurationPlatforms) = preSolution
		Debug|Any CPU = Debug|Any CPU
		Release|Any CPU = Release|Any CPU
	EndGlobalSection
	GlobalSection(ProjectConfigurationPlatforms) = postSolution
		{28494B35-E4F8-41E1-8E15-2AF1F70671B1}.Debug|Any CPU.ActiveCfg = Debug|Any CPU
		{28494B35-E4F8-41E1-8E15-2AF1F70671B1}.Debug|Any CPU.Build.0 = Debug|Any CPU
		{28494B35-E4F8-41E1-8E15-2AF1F70671B1}.Release|Any CPU.ActiveCfg = Release|Any CPU
		{28494B35-E4F8-41E1-8E15-2AF1F70671B1}.Release|Any CPU.Build.0 = Release|Any CPU
		{05555829-6801-4A4C-99C6-F52FB51236FD}.Debug|Any CPU.ActiveCfg = Debug|Any CPU
		{05555829-6801-4A4C-99C6-F52FB51236FD}.Debug|Any CPU.Build.0 = Debug|Any CPU
		{05555829-6801-4A4C-99C6-F52FB51236FD}.Release|Any CPU.ActiveCfg = Release|Any CPU
		{05555829-6801-4A4C-99C6-F52FB51236FD}.Release|Any CPU.Build.0 = Release|Any CPU
	EndGlobalSection
	GlobalSection(SolutionProperties) = preSolution
		HideSolutionNode = FALSE
	EndGlobalSection
	GlobalSection(ExtensibilityGlobals) = postSolution
		SolutionGuid = {FEE639C3-5139-4998-B3FB-9B37AEA126C1}
	EndGlobalSection
EndGlobal
